
Microsoft Visual Studio Solution File, Format Version 12.00
# Visual Studio Version 16
VisualStudioVersion = 16.0.29503.13
MinimumVisualStudioVersion = 10.0.40219.1
Project("{9A19103F-16F7-4668-BE54-9A1E7A4F7556}") = "ApiTask", "ApiTask.csproj", "{BD7D4FD3-DD8D-4DFB-8B6E-BB736625C737}"
EndProject
Project("{9A19103F-16F7-4668-BE54-9A1E7A4F7556}") = "AnalyzeImageAPI", "..\AnalyzeImageAPI\AnalyzeImageAPI.csproj", "{398F4C7C-7148-4DF3-8C1C-FB9229BDD4C8}"
EndProject
Global
	GlobalSection(SolutionConfigurationPlatforms) = preSolution
		Debug|Any CPU = Debug|Any CPU
		Release|Any CPU = Release|Any CPU
	EndGlobalSection
	GlobalSection(ProjectConfigurationPlatforms) = postSolution
		{BD7D4FD3-DD8D-4DFB-8B6E-BB736625C737}.Debug|Any CPU.ActiveCfg = Debug|Any CPU
		{BD7D4FD3-DD8D-4DFB-8B6E-BB736625C737}.Debug|Any CPU.Build.0 = Debug|Any CPU
		{BD7D4FD3-DD8D-4DFB-8B6E-BB736625C737}.Release|Any CPU.ActiveCfg = Release|Any CPU
		{BD7D4FD3-DD8D-4DFB-8B6E-BB736625C737}.Release|Any CPU.Build.0 = Release|Any CPU
		{398F4C7C-7148-4DF3-8C1C-FB9229BDD4C8}.Debug|Any CPU.ActiveCfg = Debug|Any CPU
		{398F4C7C-7148-4DF3-8C1C-FB9229BDD4C8}.Debug|Any CPU.Build.0 = Debug|Any CPU
		{398F4C7C-7148-4DF3-8C1C-FB9229BDD4C8}.Release|Any CPU.ActiveCfg = Release|Any CPU
		{398F4C7C-7148-4DF3-8C1C-FB9229BDD4C8}.Release|Any CPU.Build.0 = Release|Any CPU
	EndGlobalSection
	GlobalSection(SolutionProperties) = preSolution
		HideSolutionNode = FALSE
	EndGlobalSection
	GlobalSection(ExtensibilityGlobals) = postSolution
		SolutionGuid = {B82D59D3-BEB3-42C0-9C6A-64B8A4014818}
	EndGlobalSection
EndGlobal
